
Microsoft Visual Studio Solution File, Format Version 11.00
# Visual Studio 2010
Project("{FAE04EC0-301F-11D3-BF4B-00C04F79EFBC}") = "Penedating.Web", "Penedating.Web\Penedating.Web.csproj", "{51F78460-BCF9-416C-A5D6-BD07D19DE827}"
EndProject
Project("{FAE04EC0-301F-11D3-BF4B-00C04F79EFBC}") = "Penedating.Service.Model", "Penedating.Service.Model\Penedating.Service.Model.csproj", "{1EA48F52-4EB2-4C82-AC6C-6DFAE94B20E8}"
EndProject
Project("{FAE04EC0-301F-11D3-BF4B-00C04F79EFBC}") = "Penedating.Web.Test", "Penedating.Web.Test\Penedating.Web.Test.csproj", "{D2B8C3E2-E697-47ED-945E-F1C5A6D9276B}"
EndProject
Project("{FAE04EC0-301F-11D3-BF4B-00C04F79EFBC}") = "Penedating.IoC", "Penedating.IoC\Penedating.IoC.csproj", "{28837607-17BA-4550-8214-462098DEE674}"
EndProject
Project("{FAE04EC0-301F-11D3-BF4B-00C04F79EFBC}") = "Penedating.Data.MongoDB.Model", "Penedating.Data.MongoDB.Model\Penedating.Data.MongoDB.Model.csproj", "{14B90E5B-C7F7-4058-8FFF-15EB6C353227}"
EndProject
Project("{FAE04EC0-301F-11D3-BF4B-00C04F79EFBC}") = "Penedating.Data.MongoDB", "Penedating.Data.MongoDB\Penedating.Data.MongoDB.csproj", "{0F5B0138-39FD-4764-A51C-3A290D6B783B}"
EndProject
Project("{FAE04EC0-301F-11D3-BF4B-00C04F79EFBC}") = "Penedating.Service.MongoService", "Penedating.Service.MongoService\Penedating.Service.MongoService.csproj", "{E0EE05F5-FF18-43FC-BB82-7F3F8B42B402}"
EndProject
Project("{FAE04EC0-301F-11D3-BF4B-00C04F79EFBC}") = "Penedating.Service.HttpUserAccessTokenService", "Penedating.Service.HttpUserAccessTokenService\Penedating.Service.HttpUserAccessTokenService.csproj", "{CDF280D3-981F-496B-B9FD-9452DA7AC949}"
EndProject
Project("{2150E333-8FDC-42A3-9474-1A3956D46DE8}") = "Data Layer", "Data Layer", "{3CE25D49-6E4A-4830-9C8F-0F1D2640ADB1}"
EndProject
Project("{2150E333-8FDC-42A3-9474-1A3956D46DE8}") = "Service Layer", "Service Layer", "{ED07D487-D8EB-455D-BE77-06F63DA5FFB1}"
EndProject
Global
	GlobalSection(TestCaseManagementSettings) = postSolution
		CategoryFile = penedating.vsmdi
	EndGlobalSection
	GlobalSection(SolutionConfigurationPlatforms) = preSolution
		Debug|Any CPU = Debug|Any CPU
		Release|Any CPU = Release|Any CPU
	EndGlobalSection
	GlobalSection(ProjectConfigurationPlatforms) = postSolution
		{51F78460-BCF9-416C-A5D6-BD07D19DE827}.Debug|Any CPU.ActiveCfg = Debug|Any CPU
		{51F78460-BCF9-416C-A5D6-BD07D19DE827}.Debug|Any CPU.Build.0 = Debug|Any CPU
		{51F78460-BCF9-416C-A5D6-BD07D19DE827}.Release|Any CPU.ActiveCfg = Release|Any CPU
		{51F78460-BCF9-416C-A5D6-BD07D19DE827}.Release|Any CPU.Build.0 = Release|Any CPU
		{1EA48F52-4EB2-4C82-AC6C-6DFAE94B20E8}.Debug|Any CPU.ActiveCfg = Debug|Any CPU
		{1EA48F52-4EB2-4C82-AC6C-6DFAE94B20E8}.Debug|Any CPU.Build.0 = Debug|Any CPU
		{1EA48F52-4EB2-4C82-AC6C-6DFAE94B20E8}.Release|Any CPU.ActiveCfg = Release|Any CPU
		{1EA48F52-4EB2-4C82-AC6C-6DFAE94B20E8}.Release|Any CPU.Build.0 = Release|Any CPU
		{D2B8C3E2-E697-47ED-945E-F1C5A6D9276B}.Debug|Any CPU.ActiveCfg = Debug|Any CPU
		{D2B8C3E2-E697-47ED-945E-F1C5A6D9276B}.Debug|Any CPU.Build.0 = Debug|Any CPU
		{D2B8C3E2-E697-47ED-945E-F1C5A6D9276B}.Release|Any CPU.ActiveCfg = Release|Any CPU
		{D2B8C3E2-E697-47ED-945E-F1C5A6D9276B}.Release|Any CPU.Build.0 = Release|Any CPU
		{28837607-17BA-4550-8214-462098DEE674}.Debug|Any CPU.ActiveCfg = Debug|Any CPU
		{28837607-17BA-4550-8214-462098DEE674}.Debug|Any CPU.Build.0 = Debug|Any CPU
		{28837607-17BA-4550-8214-462098DEE674}.Release|Any CPU.ActiveCfg = Release|Any CPU
		{28837607-17BA-4550-8214-462098DEE674}.Release|Any CPU.Build.0 = Release|Any CPU
		{14B90E5B-C7F7-4058-8FFF-15EB6C353227}.Debug|Any CPU.ActiveCfg = Debug|Any CPU
		{14B90E5B-C7F7-4058-8FFF-15EB6C353227}.Debug|Any CPU.Build.0 = Debug|Any CPU
		{14B90E5B-C7F7-4058-8FFF-15EB6C353227}.Release|Any CPU.ActiveCfg = Release|Any CPU
		{14B90E5B-C7F7-4058-8FFF-15EB6C353227}.Release|Any CPU.Build.0 = Release|Any CPU
		{0F5B0138-39FD-4764-A51C-3A290D6B783B}.Debug|Any CPU.ActiveCfg = Debug|Any CPU
		{0F5B0138-39FD-4764-A51C-3A290D6B783B}.Debug|Any CPU.Build.0 = Debug|Any CPU
		{0F5B0138-39FD-4764-A51C-3A290D6B783B}.Release|Any CPU.ActiveCfg = Release|Any CPU
		{0F5B0138-39FD-4764-A51C-3A290D6B783B}.Release|Any CPU.Build.0 = Release|Any CPU
		{E0EE05F5-FF18-43FC-BB82-7F3F8B42B402}.Debug|Any CPU.ActiveCfg = Debug|Any CPU
		{E0EE05F5-FF18-43FC-BB82-7F3F8B42B402}.Debug|Any CPU.Build.0 = Debug|Any CPU
		{E0EE05F5-FF18-43FC-BB82-7F3F8B42B402}.Release|Any CPU.ActiveCfg = Release|Any CPU
		{E0EE05F5-FF18-43FC-BB82-7F3F8B42B402}.Release|Any CPU.Build.0 = Release|Any CPU
		{CDF280D3-981F-496B-B9FD-9452DA7AC949}.Debug|Any CPU.ActiveCfg = Debug|Any CPU
		{CDF280D3-981F-496B-B9FD-9452DA7AC949}.Debug|Any CPU.Build.0 = Debug|Any CPU
		{CDF280D3-981F-496B-B9FD-9452DA7AC949}.Release|Any CPU.ActiveCfg = Release|Any CPU
		{CDF280D3-981F-496B-B9FD-9452DA7AC949}.Release|Any CPU.Build.0 = Release|Any CPU
	EndGlobalSection
	GlobalSection(SolutionProperties) = preSolution
		HideSolutionNode = FALSE
	EndGlobalSection
	GlobalSection(NestedProjects) = preSolution
		{0F5B0138-39FD-4764-A51C-3A290D6B783B} = {3CE25D49-6E4A-4830-9C8F-0F1D2640ADB1}
		{14B90E5B-C7F7-4058-8FFF-15EB6C353227} = {3CE25D49-6E4A-4830-9C8F-0F1D2640ADB1}
		{E0EE05F5-FF18-43FC-BB82-7F3F8B42B402} = {ED07D487-D8EB-455D-BE77-06F63DA5FFB1}
		{1EA48F52-4EB2-4C82-AC6C-6DFAE94B20E8} = {ED07D487-D8EB-455D-BE77-06F63DA5FFB1}
		{CDF280D3-981F-496B-B9FD-9452DA7AC949} = {ED07D487-D8EB-455D-BE77-06F63DA5FFB1}
	EndGlobalSection
EndGlobal
